
Microsoft Visual Studio Solution File, Format Version 12.00
# Visual Studio 15
VisualStudioVersion = 15.0.27703.2035
MinimumVisualStudioVersion = 10.0.40219.1
Project("{FAE04EC0-301F-11D3-BF4B-00C04F79EFBC}") = "WebApplication6.Server", "WebApplication6.Server\WebApplication6.Server.csproj", "{03A99E5E-9A66-4D30-BAFE-7C5018EFD1C5}"
EndProject
Project("{FAE04EC0-301F-11D3-BF4B-00C04F79EFBC}") = "WebApplication6.Client", "WebApplication6.Client\WebApplication6.Client.csproj", "{31FA916A-F9B4-4E25-8B0D-57E7668F18B3}"
EndProject
Project("{FAE04EC0-301F-11D3-BF4B-00C04F79EFBC}") = "WebApplication6.Shared", "WebApplication6.Shared\WebApplication6.Shared.csproj", "{2452E212-C19F-42A9-9ED2-22E9E6253832}"
EndProject
Global
	GlobalSection(SolutionConfigurationPlatforms) = preSolution
		Debug|Any CPU = Debug|Any CPU
		Release|Any CPU = Release|Any CPU
	EndGlobalSection
	GlobalSection(ProjectConfigurationPlatforms) = postSolution
		{03A99E5E-9A66-4D30-BAFE-7C5018EFD1C5}.Debug|Any CPU.ActiveCfg = Debug|Any CPU
		{03A99E5E-9A66-4D30-BAFE-7C5018EFD1C5}.Debug|Any CPU.Build.0 = Debug|Any CPU
		{03A99E5E-9A66-4D30-BAFE-7C5018EFD1C5}.Release|Any CPU.ActiveCfg = Release|Any CPU
		{03A99E5E-9A66-4D30-BAFE-7C5018EFD1C5}.Release|Any CPU.Build.0 = Release|Any CPU
		{31FA916A-F9B4-4E25-8B0D-57E7668F18B3}.Debug|Any CPU.ActiveCfg = Debug|Any CPU
		{31FA916A-F9B4-4E25-8B0D-57E7668F18B3}.Debug|Any CPU.Build.0 = Debug|Any CPU
		{31FA916A-F9B4-4E25-8B0D-57E7668F18B3}.Release|Any CPU.ActiveCfg = Release|Any CPU
		{31FA916A-F9B4-4E25-8B0D-57E7668F18B3}.Release|Any CPU.Build.0 = Release|Any CPU
		{2452E212-C19F-42A9-9ED2-22E9E6253832}.Debug|Any CPU.ActiveCfg = Debug|Any CPU
		{2452E212-C19F-42A9-9ED2-22E9E6253832}.Debug|Any CPU.Build.0 = Debug|Any CPU
		{2452E212-C19F-42A9-9ED2-22E9E6253832}.Release|Any CPU.ActiveCfg = Release|Any CPU
		{2452E212-C19F-42A9-9ED2-22E9E6253832}.Release|Any CPU.Build.0 = Release|Any CPU
	EndGlobalSection
	GlobalSection(SolutionProperties) = preSolution
		HideSolutionNode = FALSE
	EndGlobalSection
	GlobalSection(ExtensibilityGlobals) = postSolution
		SolutionGuid = {2B0909FE-57F9-47B3-AC14-8451994E86B4}
	EndGlobalSection
EndGlobal
